
Microsoft Visual Studio Solution File, Format Version 12.00
# Visual Studio Express 2012 for Windows Desktop
Project("{F184B08F-C81C-45F6-A57F-5ABD9991F28F}") = "TestingWpfApp1", "TestingWpfApp1\TestingWpfApp1.vbproj", "{47DA01E6-EF7F-47C4-B3BE-291D85818370}"
EndProject
Global
	GlobalSection(SolutionConfigurationPlatforms) = preSolution
		Debug|Any CPU = Debug|Any CPU
		Release|Any CPU = Release|Any CPU
	EndGlobalSection
	GlobalSection(ProjectConfigurationPlatforms) = postSolution
		{47DA01E6-EF7F-47C4-B3BE-291D85818370}.Debug|Any CPU.ActiveCfg = Debug|Any CPU
		{47DA01E6-EF7F-47C4-B3BE-291D85818370}.Debug|Any CPU.Build.0 = Debug|Any CPU
		{47DA01E6-EF7F-47C4-B3BE-291D85818370}.Release|Any CPU.ActiveCfg = Release|Any CPU
		{47DA01E6-EF7F-47C4-B3BE-291D85818370}.Release|Any CPU.Build.0 = Release|Any CPU
	EndGlobalSection
	GlobalSection(SolutionProperties) = preSolution
		HideSolutionNode = FALSE
	EndGlobalSection
EndGlobal
